# THIS IS AN AUTOGENERATED FILE. DO NOT EDIT THIS FILE DIRECTLY.
# yarn lockfile v1


"@faker-js/faker@^7.5.0":
  version "7.5.0"
  resolved "https://registry.yarnpkg.com/@faker-js/faker/-/faker-7.5.0.tgz#8e8265f65f5b68d2a57886d59b03788eeb676264"
  integrity sha512-8wNUCCUHvfvI0gQpDUho/3gPzABffnCn5um65F8dzQ86zz6dlt4+nmAA7PQUc8L+eH+9RgR/qzy5N/8kN0Ozdw==
