# THIS IS AN AUTOGENERATED FILE. DO NOT EDIT THIS FILE DIRECTLY.
# yarn lockfile v1


"@faker-js/faker@^7.5.0":
  version "7.6.0"
  resolved "https://registry.yarnpkg.com/@faker-js/faker/-/faker-7.6.0.tgz#9ea331766084288634a9247fcd8b84f16ff4ba07"
  integrity sha512-XK6BTq1NDMo9Xqw/YkYyGjSsg44fbNwYRx7QK2CuoQgyy+f1rrTDHoExVM5PsyXCtfl2vs2vVJ0MN0yN6LppRw==

mobx@^5.15.7:
  version "5.15.7"
  resolved "https://registry.yarnpkg.com/mobx/-/mobx-5.15.7.tgz#b9a5f2b6251f5d96980d13c78e9b5d8d4ce22665"
  integrity sha512-wyM3FghTkhmC+hQjyPGGFdpehrcX1KOXsDuERhfK2YbJemkUhEB+6wzEN639T21onxlfYBmriA1PFnvxTUhcKw==

typescript@^4.8.2:
  version "4.8.4"
  resolved "https://registry.yarnpkg.com/typescript/-/typescript-4.8.4.tgz#c464abca159669597be5f96b8943500b238e60e6"
  integrity sha512-QCh+85mCy+h0IGff8r5XWzOVSbBO+KfeYrMQh7NJ58QujwcE22u+NUSmUxqF+un70P9GXKxa2HCNiTTMJknyjQ==
